
Microsoft Visual Studio Solution File, Format Version 12.00
# Visual Studio Version 17
VisualStudioVersion = 17.4.33213.308
MinimumVisualStudioVersion = 10.0.40219.1
Project("{FAE04EC0-301F-11D3-BF4B-00C04F79EFBC}") = "Week15_OOP_and_files", "Week15_OOP_and_files\Week15_OOP_and_files.csproj", "{6FA07F57-2DE7-4602-A1B9-5FFCCF069C8A}"
EndProject
Project("{FAE04EC0-301F-11D3-BF4B-00C04F79EFBC}") = "test", "test\test.csproj", "{0D2CB67D-CD43-427E-8D40-00BE49E0D25A}"
EndProject
Global
	GlobalSection(SolutionConfigurationPlatforms) = preSolution
		Debug|Any CPU = Debug|Any CPU
		Release|Any CPU = Release|Any CPU
	EndGlobalSection
	GlobalSection(ProjectConfigurationPlatforms) = postSolution
		{6FA07F57-2DE7-4602-A1B9-5FFCCF069C8A}.Debug|Any CPU.ActiveCfg = Debug|Any CPU
		{6FA07F57-2DE7-4602-A1B9-5FFCCF069C8A}.Debug|Any CPU.Build.0 = Debug|Any CPU
		{6FA07F57-2DE7-4602-A1B9-5FFCCF069C8A}.Release|Any CPU.ActiveCfg = Release|Any CPU
		{6FA07F57-2DE7-4602-A1B9-5FFCCF069C8A}.Release|Any CPU.Build.0 = Release|Any CPU
		{0D2CB67D-CD43-427E-8D40-00BE49E0D25A}.Debug|Any CPU.ActiveCfg = Debug|Any CPU
		{0D2CB67D-CD43-427E-8D40-00BE49E0D25A}.Debug|Any CPU.Build.0 = Debug|Any CPU
		{0D2CB67D-CD43-427E-8D40-00BE49E0D25A}.Release|Any CPU.ActiveCfg = Release|Any CPU
		{0D2CB67D-CD43-427E-8D40-00BE49E0D25A}.Release|Any CPU.Build.0 = Release|Any CPU
	EndGlobalSection
	GlobalSection(SolutionProperties) = preSolution
		HideSolutionNode = FALSE
	EndGlobalSection
	GlobalSection(ExtensibilityGlobals) = postSolution
		SolutionGuid = {300041CE-8BB6-4693-B0B3-BA97250C1E10}
	EndGlobalSection
EndGlobal
